
Microsoft Visual Studio Solution File, Format Version 12.00
# Visual Studio 2012
Project("{FAE04EC0-301F-11D3-BF4B-00C04F79EFBC}") = "Lemonade.Accounting.Core", "Lemonade.Accounting.Core\Lemonade.Accounting.Core.csproj", "{7798A6F5-5839-4E17-9F90-5B9C9A1083E2}"
EndProject
Project("{FAE04EC0-301F-11D3-BF4B-00C04F79EFBC}") = "Lemonade.Accounting.Core.Tests", "Lemonade.Accounting.Core.Tests\Lemonade.Accounting.Core.Tests.csproj", "{A046C353-B6ED-415D-B9A8-78856C5076A5}"
EndProject
Global
	GlobalSection(SolutionConfigurationPlatforms) = preSolution
		Debug|Any CPU = Debug|Any CPU
		Release|Any CPU = Release|Any CPU
	EndGlobalSection
	GlobalSection(ProjectConfigurationPlatforms) = postSolution
		{7798A6F5-5839-4E17-9F90-5B9C9A1083E2}.Debug|Any CPU.ActiveCfg = Debug|Any CPU
		{7798A6F5-5839-4E17-9F90-5B9C9A1083E2}.Debug|Any CPU.Build.0 = Debug|Any CPU
		{7798A6F5-5839-4E17-9F90-5B9C9A1083E2}.Release|Any CPU.ActiveCfg = Release|Any CPU
		{7798A6F5-5839-4E17-9F90-5B9C9A1083E2}.Release|Any CPU.Build.0 = Release|Any CPU
		{A046C353-B6ED-415D-B9A8-78856C5076A5}.Debug|Any CPU.ActiveCfg = Debug|Any CPU
		{A046C353-B6ED-415D-B9A8-78856C5076A5}.Debug|Any CPU.Build.0 = Debug|Any CPU
		{A046C353-B6ED-415D-B9A8-78856C5076A5}.Release|Any CPU.ActiveCfg = Release|Any CPU
		{A046C353-B6ED-415D-B9A8-78856C5076A5}.Release|Any CPU.Build.0 = Release|Any CPU
	EndGlobalSection
	GlobalSection(SolutionProperties) = preSolution
		HideSolutionNode = FALSE
	EndGlobalSection
EndGlobal
